
Microsoft Visual Studio Solution File, Format Version 12.00
# Visual Studio Version 16
VisualStudioVersion = 16.0.31129.286
MinimumVisualStudioVersion = 10.0.40219.1
Project("{FAE04EC0-301F-11D3-BF4B-00C04F79EFBC}") = "ToDo.Poc.Crud.Function", "ToDo.Poc.Crud.Function\ToDo.Poc.Crud.Function.csproj", "{73BB0AA9-3560-497B-815D-C86AE6AE6201}"
EndProject
Project("{FAE04EC0-301F-11D3-BF4B-00C04F79EFBC}") = "ToDo.PoC.ServiceBusFeed.Function", "ToDo.PoC.ServiceBusFeed.Function\ToDo.PoC.ServiceBusFeed.Function.csproj", "{03D094E4-E1C0-4B44-8812-2EFF5CC5F38A}"
EndProject
Global
	GlobalSection(SolutionConfigurationPlatforms) = preSolution
		Debug|Any CPU = Debug|Any CPU
		Release|Any CPU = Release|Any CPU
	EndGlobalSection
	GlobalSection(ProjectConfigurationPlatforms) = postSolution
		{73BB0AA9-3560-497B-815D-C86AE6AE6201}.Debug|Any CPU.ActiveCfg = Debug|Any CPU
		{73BB0AA9-3560-497B-815D-C86AE6AE6201}.Debug|Any CPU.Build.0 = Debug|Any CPU
		{73BB0AA9-3560-497B-815D-C86AE6AE6201}.Release|Any CPU.ActiveCfg = Release|Any CPU
		{73BB0AA9-3560-497B-815D-C86AE6AE6201}.Release|Any CPU.Build.0 = Release|Any CPU
		{03D094E4-E1C0-4B44-8812-2EFF5CC5F38A}.Debug|Any CPU.ActiveCfg = Debug|Any CPU
		{03D094E4-E1C0-4B44-8812-2EFF5CC5F38A}.Debug|Any CPU.Build.0 = Debug|Any CPU
		{03D094E4-E1C0-4B44-8812-2EFF5CC5F38A}.Release|Any CPU.ActiveCfg = Release|Any CPU
		{03D094E4-E1C0-4B44-8812-2EFF5CC5F38A}.Release|Any CPU.Build.0 = Release|Any CPU
	EndGlobalSection
	GlobalSection(SolutionProperties) = preSolution
		HideSolutionNode = FALSE
	EndGlobalSection
	GlobalSection(ExtensibilityGlobals) = postSolution
		SolutionGuid = {E72C1D7F-6765-4A6C-9CA3-B974D4AACCD8}
	EndGlobalSection
EndGlobal
